// !$*UTF8*$!
{
	archiveVersion = 1;
	classes = {
	};
	objectVersion = 46;
	objects = {

/* Begin PBXBuildFile section */
		28E32CA484F4A2A5BB30014F /* libPods-Features.a in Frameworks */ = {isa = PBXBuildFile; fileRef = C3ACD4FBCC0D04806E1C8D6D /* libPods-Features.a */; };
		AE6DEA7A1A51C8FE0032BF91 /* TaskRepository.m in Sources */ = {isa = PBXBuildFile; fileRef = AE6DEA791A51C8FE0032BF91 /* TaskRepository.m */; };
		AE6DEA7C1A51C9220032BF91 /* TaskRepositorySpec.mm in Sources */ = {isa = PBXBuildFile; fileRef = AE6DEA7B1A51C9220032BF91 /* TaskRepositorySpec.mm */; };
		AE75BCD01A43461600FD0F3B /* main.m in Sources */ = {isa = PBXBuildFile; fileRef = AE75BCCF1A43461600FD0F3B /* main.m */; };
		AE75BCD31A43461600FD0F3B /* AppDelegate.m in Sources */ = {isa = PBXBuildFile; fileRef = AE75BCD21A43461600FD0F3B /* AppDelegate.m */; };
		AE75BCD61A43461600FD0F3B /* ViewController.m in Sources */ = {isa = PBXBuildFile; fileRef = AE75BCD51A43461600FD0F3B /* ViewController.m */; };
		AE75BCD91A43461600FD0F3B /* Main.storyboard in Resources */ = {isa = PBXBuildFile; fileRef = AE75BCD71A43461600FD0F3B /* Main.storyboard */; };
		AE75BCDB1A43461600FD0F3B /* Images.xcassets in Resources */ = {isa = PBXBuildFile; fileRef = AE75BCDA1A43461600FD0F3B /* Images.xcassets */; };
		AE75BCDE1A43461600FD0F3B /* LaunchScreen.xib in Resources */ = {isa = PBXBuildFile; fileRef = AE75BCDC1A43461600FD0F3B /* LaunchScreen.xib */; };
		AEA59E5D1A43576100CEA45D /* TodosSpec.mm in Sources */ = {isa = PBXBuildFile; fileRef = AEA59E5C1A43576100CEA45D /* TodosSpec.mm */; };
		AEA59E5F1A4359E500CEA45D /* libPods-Features-KIF.a in Frameworks */ = {isa = PBXBuildFile; fileRef = AEA59E5E1A4359E500CEA45D /* libPods-Features-KIF.a */; };
		AEA59E641A449FD300CEA45D /* Task.m in Sources */ = {isa = PBXBuildFile; fileRef = AEA59E631A449FD300CEA45D /* Task.m */; };
		AEA59E681A44C16B00CEA45D /* TaskCell.xib in Resources */ = {isa = PBXBuildFile; fileRef = AEA59E671A44C16B00CEA45D /* TaskCell.xib */; };
		AEA59E6B1A44CE0400CEA45D /* TaskTableViewCell.m in Sources */ = {isa = PBXBuildFile; fileRef = AEA59E6A1A44CE0400CEA45D /* TaskTableViewCell.m */; };
		AEEA59C01A51BE1D00862B1F /* FeatureSpec.mm in Sources */ = {isa = PBXBuildFile; fileRef = AEEA59BF1A51BE1D00862B1F /* FeatureSpec.mm */; };
/* End PBXBuildFile section */

/* Begin PBXContainerItemProxy section */
		AE4B47971A434F4B00D82F48 /* PBXContainerItemProxy */ = {
			isa = PBXContainerItemProxy;
			containerPortal = AE75BCC21A43461600FD0F3B /* Project object */;
			proxyType = 1;
			remoteGlobalIDString = AE75BCC91A43461600FD0F3B;
			remoteInfo = Todos;
		};
/* End PBXContainerItemProxy section */

/* Begin PBXFileReference section */
		5C6C519A05B90920F9DFC1E6 /* libPods-Specs.a */ = {isa = PBXFileReference; explicitFileType = archive.ar; includeInIndex = 0; path = "libPods-Specs.a"; sourceTree = BUILT_PRODUCTS_DIR; };
		97E075F330153C8A297CADB5 /* Pods-Features.debug.xcconfig */ = {isa = PBXFileReference; includeInIndex = 1; lastKnownFileType = text.xcconfig; name = "Pods-Features.debug.xcconfig"; path = "Pods/Target Support Files/Pods-Features/Pods-Features.debug.xcconfig"; sourceTree = "<group>"; };
		A687CEC812D094F85A590CA0 /* Pods-Specs.release.xcconfig */ = {isa = PBXFileReference; includeInIndex = 1; lastKnownFileType = text.xcconfig; name = "Pods-Specs.release.xcconfig"; path = "Pods/Target Support Files/Pods-Specs/Pods-Specs.release.xcconfig"; sourceTree = "<group>"; };
		AE4B47911A434F4B00D82F48 /* Features.xctest */ = {isa = PBXFileReference; explicitFileType = wrapper.cfbundle; includeInIndex = 0; path = Features.xctest; sourceTree = BUILT_PRODUCTS_DIR; };
		AE4B47941A434F4B00D82F48 /* Info.plist */ = {isa = PBXFileReference; lastKnownFileType = text.plist.xml; path = Info.plist; sourceTree = "<group>"; };
		AE6DEA781A51C8FE0032BF91 /* TaskRepository.h */ = {isa = PBXFileReference; fileEncoding = 4; lastKnownFileType = sourcecode.c.h; path = TaskRepository.h; sourceTree = "<group>"; };
		AE6DEA791A51C8FE0032BF91 /* TaskRepository.m */ = {isa = PBXFileReference; fileEncoding = 4; lastKnownFileType = sourcecode.c.objc; path = TaskRepository.m; sourceTree = "<group>"; };
		AE6DEA7B1A51C9220032BF91 /* TaskRepositorySpec.mm */ = {isa = PBXFileReference; fileEncoding = 4; lastKnownFileType = sourcecode.cpp.objcpp; path = TaskRepositorySpec.mm; sourceTree = "<group>"; };
		AE75BCCA1A43461600FD0F3B /* Todos.app */ = {isa = PBXFileReference; explicitFileType = wrapper.application; includeInIndex = 0; path = Todos.app; sourceTree = BUILT_PRODUCTS_DIR; };
		AE75BCCE1A43461600FD0F3B /* Info.plist */ = {isa = PBXFileReference; lastKnownFileType = text.plist.xml; path = Info.plist; sourceTree = "<group>"; };
		AE75BCCF1A43461600FD0F3B /* main.m */ = {isa = PBXFileReference; lastKnownFileType = sourcecode.c.objc; path = main.m; sourceTree = "<group>"; };
		AE75BCD11A43461600FD0F3B /* AppDelegate.h */ = {isa = PBXFileReference; lastKnownFileType = sourcecode.c.h; path = AppDelegate.h; sourceTree = "<group>"; };
		AE75BCD21A43461600FD0F3B /* AppDelegate.m */ = {isa = PBXFileReference; lastKnownFileType = sourcecode.c.objc; path = AppDelegate.m; sourceTree = "<group>"; };
		AE75BCD41A43461600FD0F3B /* ViewController.h */ = {isa = PBXFileReference; lastKnownFileType = sourcecode.c.h; path = ViewController.h; sourceTree = "<group>"; };
		AE75BCD51A43461600FD0F3B /* ViewController.m */ = {isa = PBXFileReference; lastKnownFileType = sourcecode.c.objc; path = ViewController.m; sourceTree = "<group>"; };
		AE75BCD81A43461600FD0F3B /* Base */ = {isa = PBXFileReference; lastKnownFileType = file.storyboard; name = Base; path = Base.lproj/Main.storyboard; sourceTree = "<group>"; };
		AE75BCDA1A43461600FD0F3B /* Images.xcassets */ = {isa = PBXFileReference; lastKnownFileType = folder.assetcatalog; path = Images.xcassets; sourceTree = "<group>"; };
		AE75BCDD1A43461600FD0F3B /* Base */ = {isa = PBXFileReference; lastKnownFileType = file.xib; name = Base; path = Base.lproj/LaunchScreen.xib; sourceTree = "<group>"; };
		AE75BCF91A4346C200FD0F3B /* UIKit.framework */ = {isa = PBXFileReference; lastKnownFileType = wrapper.framework; name = UIKit.framework; path = System/Library/Frameworks/UIKit.framework; sourceTree = SDKROOT; };
		AE75BCFB1A4346C200FD0F3B /* Foundation.framework */ = {isa = PBXFileReference; lastKnownFileType = wrapper.framework; name = Foundation.framework; path = System/Library/Frameworks/Foundation.framework; sourceTree = SDKROOT; };
		AE75BCFD1A4346C200FD0F3B /* CoreGraphics.framework */ = {isa = PBXFileReference; lastKnownFileType = wrapper.framework; name = CoreGraphics.framework; path = System/Library/Frameworks/CoreGraphics.framework; sourceTree = SDKROOT; };
		AEA59E5A1A43562B00CEA45D /* libPods-Specs-Cedar.a */ = {isa = PBXFileReference; lastKnownFileType = archive.ar; name = "libPods-Specs-Cedar.a"; path = "Pods/build/Debug-iphoneos/libPods-Specs-Cedar.a"; sourceTree = "<group>"; };
		AEA59E5C1A43576100CEA45D /* TodosSpec.mm */ = {isa = PBXFileReference; fileEncoding = 4; lastKnownFileType = sourcecode.cpp.objcpp; path = TodosSpec.mm; sourceTree = "<group>"; };
		AEA59E5E1A4359E500CEA45D /* libPods-Features-KIF.a */ = {isa = PBXFileReference; lastKnownFileType = archive.ar; name = "libPods-Features-KIF.a"; path = "Pods/build/Debug-iphoneos/libPods-Features-KIF.a"; sourceTree = "<group>"; };
		AEA59E621A449FD300CEA45D /* Task.h */ = {isa = PBXFileReference; fileEncoding = 4; lastKnownFileType = sourcecode.c.h; path = Task.h; sourceTree = "<group>"; };
		AEA59E631A449FD300CEA45D /* Task.m */ = {isa = PBXFileReference; fileEncoding = 4; lastKnownFileType = sourcecode.c.objc; path = Task.m; sourceTree = "<group>"; };
		AEA59E671A44C16B00CEA45D /* TaskCell.xib */ = {isa = PBXFileReference; fileEncoding = 4; lastKnownFileType = file.xib; path = TaskCell.xib; sourceTree = "<group>"; };
		AEA59E691A44CE0400CEA45D /* TaskTableViewCell.h */ = {isa = PBXFileReference; fileEncoding = 4; lastKnownFileType = sourcecode.c.h; path = TaskTableViewCell.h; sourceTree = "<group>"; };
		AEA59E6A1A44CE0400CEA45D /* TaskTableViewCell.m */ = {isa = PBXFileReference; fileEncoding = 4; lastKnownFileType = sourcecode.c.objc; path = TaskTableViewCell.m; sourceTree = "<group>"; };
		AEEA59BF1A51BE1D00862B1F /* FeatureSpec.mm */ = {isa = PBXFileReference; fileEncoding = 4; lastKnownFileType = sourcecode.cpp.objcpp; path = FeatureSpec.mm; sourceTree = "<group>"; };
		AEEA59C11A51BE9F00862B1F /* FeatureSpec.h */ = {isa = PBXFileReference; lastKnownFileType = sourcecode.c.h; path = FeatureSpec.h; sourceTree = "<group>"; };
		BBFC2BAF316CBD1C657E90B2 /* Pods-Specs.debug.xcconfig */ = {isa = PBXFileReference; includeInIndex = 1; lastKnownFileType = text.xcconfig; name = "Pods-Specs.debug.xcconfig"; path = "Pods/Target Support Files/Pods-Specs/Pods-Specs.debug.xcconfig"; sourceTree = "<group>"; };
		C3ACD4FBCC0D04806E1C8D6D /* libPods-Features.a */ = {isa = PBXFileReference; explicitFileType = archive.ar; includeInIndex = 0; path = "libPods-Features.a"; sourceTree = BUILT_PRODUCTS_DIR; };
		C9ABD23C79B7EBEAE51C3549 /* Pods-Features.release.xcconfig */ = {isa = PBXFileReference; includeInIndex = 1; lastKnownFileType = text.xcconfig; name = "Pods-Features.release.xcconfig"; path = "Pods/Target Support Files/Pods-Features/Pods-Features.release.xcconfig"; sourceTree = "<group>"; };
/* End PBXFileReference section */

/* Begin PBXFrameworksBuildPhase section */
		AE4B478E1A434F4B00D82F48 /* Frameworks */ = {
			isa = PBXFrameworksBuildPhase;
			buildActionMask = 2147483647;
			files = (
				AEA59E5F1A4359E500CEA45D /* libPods-Features-KIF.a in Frameworks */,
				28E32CA484F4A2A5BB30014F /* libPods-Features.a in Frameworks */,
			);
			runOnlyForDeploymentPostprocessing = 0;
		};
		AE75BCC71A43461600FD0F3B /* Frameworks */ = {
			isa = PBXFrameworksBuildPhase;
			buildActionMask = 2147483647;
			files = (
			);
			runOnlyForDeploymentPostprocessing = 0;
		};
/* End PBXFrameworksBuildPhase section */

/* Begin PBXGroup section */
		7CD13368543CE8A9854E658B /* Pods */ = {
			isa = PBXGroup;
			children = (
				BBFC2BAF316CBD1C657E90B2 /* Pods-Specs.debug.xcconfig */,
				A687CEC812D094F85A590CA0 /* Pods-Specs.release.xcconfig */,
				97E075F330153C8A297CADB5 /* Pods-Features.debug.xcconfig */,
				C9ABD23C79B7EBEAE51C3549 /* Pods-Features.release.xcconfig */,
			);
			name = Pods;
			sourceTree = "<group>";
		};
		AE4B47921A434F4B00D82F48 /* Features */ = {
			isa = PBXGroup;
			children = (
				AE4B47931A434F4B00D82F48 /* Supporting Files */,
				AEA59E5C1A43576100CEA45D /* TodosSpec.mm */,
				AEEA59BF1A51BE1D00862B1F /* FeatureSpec.mm */,
				AEEA59C11A51BE9F00862B1F /* FeatureSpec.h */,
				AE6DEA7B1A51C9220032BF91 /* TaskRepositorySpec.mm */,
			);
			path = Features;
			sourceTree = "<group>";
		};
		AE4B47931A434F4B00D82F48 /* Supporting Files */ = {
			isa = PBXGroup;
			children = (
				AE4B47941A434F4B00D82F48 /* Info.plist */,
			);
			name = "Supporting Files";
			sourceTree = "<group>";
		};
		AE75BCC11A43461600FD0F3B = {
			isa = PBXGroup;
			children = (
				AE75BCCC1A43461600FD0F3B /* Todos */,
				AE4B47921A434F4B00D82F48 /* Features */,
				AE75BCF81A4346C200FD0F3B /* Frameworks */,
				AE75BCCB1A43461600FD0F3B /* Products */,
				7CD13368543CE8A9854E658B /* Pods */,
			);
			sourceTree = "<group>";
		};
		AE75BCCB1A43461600FD0F3B /* Products */ = {
			isa = PBXGroup;
			children = (
				AE75BCCA1A43461600FD0F3B /* Todos.app */,
				AE4B47911A434F4B00D82F48 /* Features.xctest */,
			);
			name = Products;
			sourceTree = "<group>";
		};
		AE75BCCC1A43461600FD0F3B /* Todos */ = {
			isa = PBXGroup;
			children = (
				AE75BCD11A43461600FD0F3B /* AppDelegate.h */,
				AE75BCD21A43461600FD0F3B /* AppDelegate.m */,
				AE75BCD41A43461600FD0F3B /* ViewController.h */,
				AE75BCD51A43461600FD0F3B /* ViewController.m */,
				AE75BCD71A43461600FD0F3B /* Main.storyboard */,
				AE75BCDA1A43461600FD0F3B /* Images.xcassets */,
				AE75BCDC1A43461600FD0F3B /* LaunchScreen.xib */,
				AEA59E621A449FD300CEA45D /* Task.h */,
				AEA59E631A449FD300CEA45D /* Task.m */,
				AE75BCCD1A43461600FD0F3B /* Supporting Files */,
				AEA59E671A44C16B00CEA45D /* TaskCell.xib */,
				AEA59E691A44CE0400CEA45D /* TaskTableViewCell.h */,
				AEA59E6A1A44CE0400CEA45D /* TaskTableViewCell.m */,
				AE6DEA781A51C8FE0032BF91 /* TaskRepository.h */,
				AE6DEA791A51C8FE0032BF91 /* TaskRepository.m */,
			);
			path = Todos;
			sourceTree = "<group>";
		};
		AE75BCCD1A43461600FD0F3B /* Supporting Files */ = {
			isa = PBXGroup;
			children = (
				AE75BCCE1A43461600FD0F3B /* Info.plist */,
				AE75BCCF1A43461600FD0F3B /* main.m */,
			);
			name = "Supporting Files";
			sourceTree = "<group>";
		};
		AE75BCF81A4346C200FD0F3B /* Frameworks */ = {
			isa = PBXGroup;
			children = (
				AEA59E5E1A4359E500CEA45D /* libPods-Features-KIF.a */,
				AEA59E5A1A43562B00CEA45D /* libPods-Specs-Cedar.a */,
				AE75BCF91A4346C200FD0F3B /* UIKit.framework */,
				AE75BCFB1A4346C200FD0F3B /* Foundation.framework */,
				AE75BCFD1A4346C200FD0F3B /* CoreGraphics.framework */,
				5C6C519A05B90920F9DFC1E6 /* libPods-Specs.a */,
				C3ACD4FBCC0D04806E1C8D6D /* libPods-Features.a */,
			);
			name = Frameworks;
			sourceTree = "<group>";
		};
/* End PBXGroup section */

/* Begin PBXNativeTarget section */
		AE4B47901A434F4B00D82F48 /* Features */ = {
			isa = PBXNativeTarget;
			buildConfigurationList = AE4B479B1A434F4B00D82F48 /* Build configuration list for PBXNativeTarget "Features" */;
			buildPhases = (
				52A2BE22D767F48E6EB27BF4 /* Check Pods Manifest.lock */,
				AE4B478D1A434F4B00D82F48 /* Sources */,
				AE4B478E1A434F4B00D82F48 /* Frameworks */,
				AE4B478F1A434F4B00D82F48 /* Resources */,
				44B10ACCC54475DDD48B24F3 /* Copy Pods Resources */,
			);
			buildRules = (
			);
			dependencies = (
				AE4B47981A434F4B00D82F48 /* PBXTargetDependency */,
			);
			name = Features;
			productName = Features;
			productReference = AE4B47911A434F4B00D82F48 /* Features.xctest */;
			productType = "com.apple.product-type.bundle.unit-test";
		};
		AE75BCC91A43461600FD0F3B /* Todos */ = {
			isa = PBXNativeTarget;
			buildConfigurationList = AE75BCED1A43461600FD0F3B /* Build configuration list for PBXNativeTarget "Todos" */;
			buildPhases = (
				AE75BCC61A43461600FD0F3B /* Sources */,
				AE75BCC71A43461600FD0F3B /* Frameworks */,
				AE75BCC81A43461600FD0F3B /* Resources */,
			);
			buildRules = (
			);
			dependencies = (
			);
			name = Todos;
			productName = Todos;
			productReference = AE75BCCA1A43461600FD0F3B /* Todos.app */;
			productType = "com.apple.product-type.application";
		};
/* End PBXNativeTarget section */

/* Begin PBXProject section */
		AE75BCC21A43461600FD0F3B /* Project object */ = {
			isa = PBXProject;
			attributes = {
				LastUpgradeCheck = 0610;
				ORGANIZATIONNAME = pivotal;
				TargetAttributes = {
					AE4B47901A434F4B00D82F48 = {
						CreatedOnToolsVersion = 6.1.1;
						TestTargetID = AE75BCC91A43461600FD0F3B;
					};
					AE75BCC91A43461600FD0F3B = {
						CreatedOnToolsVersion = 6.1.1;
					};
				};
			};
			buildConfigurationList = AE75BCC51A43461600FD0F3B /* Build configuration list for PBXProject "Todos" */;
			compatibilityVersion = "Xcode 3.2";
			developmentRegion = English;
			hasScannedForEncodings = 0;
			knownRegions = (
				en,
				Base,
			);
			mainGroup = AE75BCC11A43461600FD0F3B;
			productRefGroup = AE75BCCB1A43461600FD0F3B /* Products */;
			projectDirPath = "";
			projectRoot = "";
			targets = (
				AE75BCC91A43461600FD0F3B /* Todos */,
				AE4B47901A434F4B00D82F48 /* Features */,
			);
		};
/* End PBXProject section */

/* Begin PBXResourcesBuildPhase section */
		AE4B478F1A434F4B00D82F48 /* Resources */ = {
			isa = PBXResourcesBuildPhase;
			buildActionMask = 2147483647;
			files = (
			);
			runOnlyForDeploymentPostprocessing = 0;
		};
		AE75BCC81A43461600FD0F3B /* Resources */ = {
			isa = PBXResourcesBuildPhase;
			buildActionMask = 2147483647;
			files = (
				AEA59E681A44C16B00CEA45D /* TaskCell.xib in Resources */,
				AE75BCD91A43461600FD0F3B /* Main.storyboard in Resources */,
				AE75BCDE1A43461600FD0F3B /* LaunchScreen.xib in Resources */,
				AE75BCDB1A43461600FD0F3B /* Images.xcassets in Resources */,
			);
			runOnlyForDeploymentPostprocessing = 0;
		};
/* End PBXResourcesBuildPhase section */

/* Begin PBXShellScriptBuildPhase section */
		44B10ACCC54475DDD48B24F3 /* Copy Pods Resources */ = {
			isa = PBXShellScriptBuildPhase;
			buildActionMask = 2147483647;
			files = (
			);
			inputPaths = (
			);
			name = "Copy Pods Resources";
			outputPaths = (
			);
			runOnlyForDeploymentPostprocessing = 0;
			shellPath = /bin/sh;
			shellScript = "\"${SRCROOT}/Pods/Target Support Files/Pods-Features/Pods-Features-resources.sh\"\n";
			showEnvVarsInLog = 0;
		};
		52A2BE22D767F48E6EB27BF4 /* Check Pods Manifest.lock */ = {
			isa = PBXShellScriptBuildPhase;
			buildActionMask = 2147483647;
			files = (
			);
			inputPaths = (
			);
			name = "Check Pods Manifest.lock";
			outputPaths = (
			);
			runOnlyForDeploymentPostprocessing = 0;
			shellPath = /bin/sh;
			shellScript = "diff \"${PODS_ROOT}/../Podfile.lock\" \"${PODS_ROOT}/Manifest.lock\" > /dev/null\nif [[ $? != 0 ]] ; then\n    cat << EOM\nerror: The sandbox is not in sync with the Podfile.lock. Run 'pod install' or update your CocoaPods installation.\nEOM\n    exit 1\nfi\n";
			showEnvVarsInLog = 0;
		};
/* End PBXShellScriptBuildPhase section */

/* Begin PBXSourcesBuildPhase section */
		AE4B478D1A434F4B00D82F48 /* Sources */ = {
			isa = PBXSourcesBuildPhase;
			buildActionMask = 2147483647;
			files = (
				AEEA59C01A51BE1D00862B1F /* FeatureSpec.mm in Sources */,
				AEA59E5D1A43576100CEA45D /* TodosSpec.mm in Sources */,
				AE6DEA7C1A51C9220032BF91 /* TaskRepositorySpec.mm in Sources */,
			);
			runOnlyForDeploymentPostprocessing = 0;
		};
		AE75BCC61A43461600FD0F3B /* Sources */ = {
			isa = PBXSourcesBuildPhase;
			buildActionMask = 2147483647;
			files = (
				AEA59E641A449FD300CEA45D /* Task.m in Sources */,
				AE75BCD61A43461600FD0F3B /* ViewController.m in Sources */,
				AE75BCD31A43461600FD0F3B /* AppDelegate.m in Sources */,
				AEA59E6B1A44CE0400CEA45D /* TaskTableViewCell.m in Sources */,
				AE6DEA7A1A51C8FE0032BF91 /* TaskRepository.m in Sources */,
				AE75BCD01A43461600FD0F3B /* main.m in Sources */,
			);
			runOnlyForDeploymentPostprocessing = 0;
		};
/* End PBXSourcesBuildPhase section */

/* Begin PBXTargetDependency section */
		AE4B47981A434F4B00D82F48 /* PBXTargetDependency */ = {
			isa = PBXTargetDependency;
			target = AE75BCC91A43461600FD0F3B /* Todos */;
			targetProxy = AE4B47971A434F4B00D82F48 /* PBXContainerItemProxy */;
		};
/* End PBXTargetDependency section */

/* Begin PBXVariantGroup section */
		AE75BCD71A43461600FD0F3B /* Main.storyboard */ = {
			isa = PBXVariantGroup;
			children = (
				AE75BCD81A43461600FD0F3B /* Base */,
			);
			name = Main.storyboard;
			sourceTree = "<group>";
		};
		AE75BCDC1A43461600FD0F3B /* LaunchScreen.xib */ = {
			isa = PBXVariantGroup;
			children = (
				AE75BCDD1A43461600FD0F3B /* Base */,
			);
			name = LaunchScreen.xib;
			sourceTree = "<group>";
		};
/* End PBXVariantGroup section */

/* Begin XCBuildConfiguration section */
		AE4B47991A434F4B00D82F48 /* Debug */ = {
			isa = XCBuildConfiguration;
			baseConfigurationReference = 97E075F330153C8A297CADB5 /* Pods-Features.debug.xcconfig */;
			buildSettings = {
				BUNDLE_LOADER = "$(TEST_HOST)";
				FRAMEWORK_SEARCH_PATHS = (
					"$(SDKROOT)/Developer/Library/Frameworks",
					"$(inherited)",
				);
				GCC_PREPROCESSOR_DEFINITIONS = (
					"DEBUG=1",
					"$(inherited)",
				);
				INFOPLIST_FILE = Features/Info.plist;
				LD_RUNPATH_SEARCH_PATHS = "$(inherited) @executable_path/Frameworks @loader_path/Frameworks";
				LIBRARY_SEARCH_PATHS = (
					"$(inherited)",
					"$(PROJECT_DIR)/Pods/build/Debug-iphoneos",
				);
				PRODUCT_NAME = "$(TARGET_NAME)";
				TEST_HOST = "$(BUILT_PRODUCTS_DIR)/Todos.app/Todos";
			};
			name = Debug;
		};
		AE4B479A1A434F4B00D82F48 /* Release */ = {
			isa = XCBuildConfiguration;
			baseConfigurationReference = C9ABD23C79B7EBEAE51C3549 /* Pods-Features.release.xcconfig */;
			buildSettings = {
				BUNDLE_LOADER = "$(TEST_HOST)";
				FRAMEWORK_SEARCH_PATHS = (
					"$(SDKROOT)/Developer/Library/Frameworks",
					"$(inherited)",
				);
				INFOPLIST_FILE = Features/Info.plist;
				LD_RUNPATH_SEARCH_PATHS = "$(inherited) @executable_path/Frameworks @loader_path/Frameworks";
				LIBRARY_SEARCH_PATHS = (
					"$(inherited)",
					"$(PROJECT_DIR)/Pods/build/Debug-iphoneos",
				);
				PRODUCT_NAME = "$(TARGET_NAME)";
				TEST_HOST = "$(BUILT_PRODUCTS_DIR)/Todos.app/Todos";
			};
			name = Release;
		};
		AE75BCEB1A43461600FD0F3B /* Debug */ = {
			isa = XCBuildConfiguration;
			buildSettings = {
				ALWAYS_SEARCH_USER_PATHS = NO;
				CLANG_CXX_LANGUAGE_STANDARD = "gnu++0x";
				CLANG_CXX_LIBRARY = "libc++";
				CLANG_ENABLE_MODULES = YES;
				CLANG_ENABLE_OBJC_ARC = YES;
				CLANG_WARN_BOOL_CONVERSION = YES;
				CLANG_WARN_CONSTANT_CONVERSION = YES;
				CLANG_WARN_DIRECT_OBJC_ISA_USAGE = YES_ERROR;
				CLANG_WARN_EMPTY_BODY = YES;
				CLANG_WARN_ENUM_CONVERSION = YES;
				CLANG_WARN_INT_CONVERSION = YES;
				CLANG_WARN_OBJC_ROOT_CLASS = YES_ERROR;
				CLANG_WARN_UNREACHABLE_CODE = YES;
				CLANG_WARN__DUPLICATE_METHOD_MATCH = YES;
				"CODE_SIGN_IDENTITY[sdk=iphoneos*]" = "iPhone Developer";
				COPY_PHASE_STRIP = NO;
				ENABLE_STRICT_OBJC_MSGSEND = YES;
				GCC_C_LANGUAGE_STANDARD = gnu99;
				GCC_DYNAMIC_NO_PIC = NO;
				GCC_OPTIMIZATION_LEVEL = 0;
				GCC_PREPROCESSOR_DEFINITIONS = (
					"DEBUG=1",
					"$(inherited)",
				);
				GCC_SYMBOLS_PRIVATE_EXTERN = NO;
				GCC_WARN_64_TO_32_BIT_CONVERSION = YES;
				GCC_WARN_ABOUT_RETURN_TYPE = YES_ERROR;
				GCC_WARN_UNDECLARED_SELECTOR = YES;
				GCC_WARN_UNINITIALIZED_AUTOS = YES_AGGRESSIVE;
				GCC_WARN_UNUSED_FUNCTION = YES;
				GCC_WARN_UNUSED_VARIABLE = YES;
				IPHONEOS_DEPLOYMENT_TARGET = 8.1;
				MTL_ENABLE_DEBUG_INFO = YES;
				ONLY_ACTIVE_ARCH = YES;
				SDKROOT = iphoneos;
			};
			name = Debug;
		};
		AE75BCEC1A43461600FD0F3B /* Release */ = {
			isa = XCBuildConfiguration;
			buildSettings = {
				ALWAYS_SEARCH_USER_PATHS = NO;
				CLANG_CXX_LANGUAGE_STANDARD = "gnu++0x";
				CLANG_CXX_LIBRARY = "libc++";
				CLANG_ENABLE_MODULES = YES;
				CLANG_ENABLE_OBJC_ARC = YES;
				CLANG_WARN_BOOL_CONVERSION = YES;
				CLANG_WARN_CONSTANT_CONVERSION = YES;
				CLANG_WARN_DIRECT_OBJC_ISA_USAGE = YES_ERROR;
				CLANG_WARN_EMPTY_BODY = YES;
				CLANG_WARN_ENUM_CONVERSION = YES;
				CLANG_WARN_INT_CONVERSION = YES;
				CLANG_WARN_OBJC_ROOT_CLASS = YES_ERROR;
				CLANG_WARN_UNREACHABLE_CODE = YES;
				CLANG_WARN__DUPLICATE_METHOD_MATCH = YES;
				"CODE_SIGN_IDENTITY[sdk=iphoneos*]" = "iPhone Developer";
				COPY_PHASE_STRIP = YES;
				ENABLE_NS_ASSERTIONS = NO;
				ENABLE_STRICT_OBJC_MSGSEND = YES;
				GCC_C_LANGUAGE_STANDARD = gnu99;
				GCC_WARN_64_TO_32_BIT_CONVERSION = YES;
				GCC_WARN_ABOUT_RETURN_TYPE = YES_ERROR;
				GCC_WARN_UNDECLARED_SELECTOR = YES;
				GCC_WARN_UNINITIALIZED_AUTOS = YES_AGGRESSIVE;
				GCC_WARN_UNUSED_FUNCTION = YES;
				GCC_WARN_UNUSED_VARIABLE = YES;
				IPHONEOS_DEPLOYMENT_TARGET = 8.1;
				MTL_ENABLE_DEBUG_INFO = NO;
				SDKROOT = iphoneos;
				VALIDATE_PRODUCT = YES;
			};
			name = Release;
		};
		AE75BCEE1A43461600FD0F3B /* Debug */ = {
			isa = XCBuildConfiguration;
			buildSettings = {
				ASSETCATALOG_COMPILER_APPICON_NAME = AppIcon;
				INFOPLIST_FILE = Todos/Info.plist;
				LD_RUNPATH_SEARCH_PATHS = "$(inherited) @executable_path/Frameworks";
				PRODUCT_NAME = "$(TARGET_NAME)";
			};
			name = Debug;
		};
		AE75BCEF1A43461600FD0F3B /* Release */ = {
			isa = XCBuildConfiguration;
			buildSettings = {
				ASSETCATALOG_COMPILER_APPICON_NAME = AppIcon;
				INFOPLIST_FILE = Todos/Info.plist;
				LD_RUNPATH_SEARCH_PATHS = "$(inherited) @executable_path/Frameworks";
				PRODUCT_NAME = "$(TARGET_NAME)";
			};
			name = Release;
		};
/* End XCBuildConfiguration section */

/* Begin XCConfigurationList section */
		AE4B479B1A434F4B00D82F48 /* Build configuration list for PBXNativeTarget "Features" */ = {
			isa = XCConfigurationList;
			buildConfigurations = (
				AE4B47991A434F4B00D82F48 /* Debug */,
				AE4B479A1A434F4B00D82F48 /* Release */,
			);
			defaultConfigurationIsVisible = 0;
			defaultConfigurationName = Release;
		};
		AE75BCC51A43461600FD0F3B /* Build configuration list for PBXProject "Todos" */ = {
			isa = XCConfigurationList;
			buildConfigurations = (
				AE75BCEB1A43461600FD0F3B /* Debug */,
				AE75BCEC1A43461600FD0F3B /* Release */,
			);
			defaultConfigurationIsVisible = 0;
			defaultConfigurationName = Release;
		};
		AE75BCED1A43461600FD0F3B /* Build configuration list for PBXNativeTarget "Todos" */ = {
			isa = XCConfigurationList;
			buildConfigurations = (
				AE75BCEE1A43461600FD0F3B /* Debug */,
				AE75BCEF1A43461600FD0F3B /* Release */,
			);
			defaultConfigurationIsVisible = 0;
			defaultConfigurationName = Release;
		};
/* End XCConfigurationList section */
	};
	rootObject = AE75BCC21A43461600FD0F3B /* Project object */;
}
